
Microsoft Visual Studio Solution File, Format Version 12.00
# Visual Studio Version 16
VisualStudioVersion = 16.0.30523.141
MinimumVisualStudioVersion = 10.0.40219.1
Project("{888888A0-9F3D-457C-B088-3A5042F75D52}") = "CounterSchool", "CounterSchool\CounterSchool.pyproj", "{82C3BDE3-B85A-44A6-A9A8-E2C9396B34C1}"
EndProject
Global
	GlobalSection(SolutionConfigurationPlatforms) = preSolution
		Debug|Any CPU = Debug|Any CPU
		Release|Any CPU = Release|Any CPU
	EndGlobalSection
	GlobalSection(ProjectConfigurationPlatforms) = postSolution
		{82C3BDE3-B85A-44A6-A9A8-E2C9396B34C1}.Debug|Any CPU.ActiveCfg = Debug|Any CPU
		{82C3BDE3-B85A-44A6-A9A8-E2C9396B34C1}.Release|Any CPU.ActiveCfg = Release|Any CPU
	EndGlobalSection
	GlobalSection(SolutionProperties) = preSolution
		HideSolutionNode = FALSE
	EndGlobalSection
	GlobalSection(ExtensibilityGlobals) = postSolution
		SolutionGuid = {82C3E7DA-27DF-4109-B8D4-B57E0904233F}
	EndGlobalSection
EndGlobal
